// !$*UTF8*$!
{
	archiveVersion = 1;
	classes = {
	};
	objectVersion = 48;
	objects = {

/* Begin PBXBuildFile section */
		7A5BF7B32030812E005EAC8B /* include in Resources */ = {isa = PBXBuildFile; fileRef = 7A5BF7B12030812E005EAC8B /* include */; };
		7A5BF7B42030812E005EAC8B /* lib in Resources */ = {isa = PBXBuildFile; fileRef = 7A5BF7B22030812E005EAC8B /* lib */; };
		7A5BF7BD20308151005EAC8B /* libavcodec.a in Frameworks */ = {isa = PBXBuildFile; fileRef = 7A5BF7B620308151005EAC8B /* libavcodec.a */; };
		7A5BF7BE20308151005EAC8B /* libavutil.a in Frameworks */ = {isa = PBXBuildFile; fileRef = 7A5BF7B720308151005EAC8B /* libavutil.a */; };
		7A5BF7BF20308151005EAC8B /* libavformat.a in Frameworks */ = {isa = PBXBuildFile; fileRef = 7A5BF7B820308151005EAC8B /* libavformat.a */; };
		7A5BF7C020308151005EAC8B /* libswscale.a in Frameworks */ = {isa = PBXBuildFile; fileRef = 7A5BF7B920308151005EAC8B /* libswscale.a */; };
		7A5BF7C120308151005EAC8B /* libswresample.a in Frameworks */ = {isa = PBXBuildFile; fileRef = 7A5BF7BA20308151005EAC8B /* libswresample.a */; };
		7A5BF7C220308151005EAC8B /* libavdevice.a in Frameworks */ = {isa = PBXBuildFile; fileRef = 7A5BF7BB20308151005EAC8B /* libavdevice.a */; };
		7A5BF7C320308151005EAC8B /* libavfilter.a in Frameworks */ = {isa = PBXBuildFile; fileRef = 7A5BF7BC20308151005EAC8B /* libavfilter.a */; };
		7A5BF7C620308376005EAC8B /* CoreVideo.framework in Frameworks */ = {isa = PBXBuildFile; fileRef = 7A5BF7C420308376005EAC8B /* CoreVideo.framework */; };
		7A5BF7C720308376005EAC8B /* VideoToolbox.framework in Frameworks */ = {isa = PBXBuildFile; fileRef = 7A5BF7C520308376005EAC8B /* VideoToolbox.framework */; };
		7A5BF7C920308382005EAC8B /* CoreMedia.framework in Frameworks */ = {isa = PBXBuildFile; fileRef = 7A5BF7C820308382005EAC8B /* CoreMedia.framework */; };
		7A5BF7CB203083CB005EAC8B /* libbz2.1.0.tbd in Frameworks */ = {isa = PBXBuildFile; fileRef = 7A5BF7CA203083CB005EAC8B /* libbz2.1.0.tbd */; };
		7A5BF7CD20308413005EAC8B /* libiconv.2.4.0.tbd in Frameworks */ = {isa = PBXBuildFile; fileRef = 7A5BF7CC20308413005EAC8B /* libiconv.2.4.0.tbd */; };
		7A5BF7CF20308438005EAC8B /* AudioToolbox.framework in Frameworks */ = {isa = PBXBuildFile; fileRef = 7A5BF7CE20308438005EAC8B /* AudioToolbox.framework */; };
		7A5BF7D120308466005EAC8B /* libz.1.1.3.tbd in Frameworks */ = {isa = PBXBuildFile; fileRef = 7A5BF7D020308466005EAC8B /* libz.1.1.3.tbd */; };
		7A5BF7EA20308968005EAC8B /* Video.bundle in Resources */ = {isa = PBXBuildFile; fileRef = 7A5BF7E920308968005EAC8B /* Video.bundle */; };
		7AD1E5FB20261A8200AA6B44 /* AppDelegate.m in Sources */ = {isa = PBXBuildFile; fileRef = 7AD1E5FA20261A8200AA6B44 /* AppDelegate.m */; };
		7AD1E5FE20261A8200AA6B44 /* ViewController.m in Sources */ = {isa = PBXBuildFile; fileRef = 7AD1E5FD20261A8200AA6B44 /* ViewController.m */; };
		7AD1E60120261A8200AA6B44 /* Main.storyboard in Resources */ = {isa = PBXBuildFile; fileRef = 7AD1E5FF20261A8200AA6B44 /* Main.storyboard */; };
		7AD1E60320261A8200AA6B44 /* Assets.xcassets in Resources */ = {isa = PBXBuildFile; fileRef = 7AD1E60220261A8200AA6B44 /* Assets.xcassets */; };
		7AD1E60620261A8200AA6B44 /* LaunchScreen.storyboard in Resources */ = {isa = PBXBuildFile; fileRef = 7AD1E60420261A8200AA6B44 /* LaunchScreen.storyboard */; };
		7AD1E60920261A8200AA6B44 /* main.m in Sources */ = {isa = PBXBuildFile; fileRef = 7AD1E60820261A8200AA6B44 /* main.m */; };
/* End PBXBuildFile section */

/* Begin PBXFileReference section */
		7A5BF7B12030812E005EAC8B /* include */ = {isa = PBXFileReference; lastKnownFileType = folder; name = include; path = "H264-VideoToolbox-Demo/include"; sourceTree = "<group>"; };
		7A5BF7B22030812E005EAC8B /* lib */ = {isa = PBXFileReference; lastKnownFileType = folder; name = lib; path = "H264-VideoToolbox-Demo/lib"; sourceTree = "<group>"; };
		7A5BF7B620308151005EAC8B /* libavcodec.a */ = {isa = PBXFileReference; lastKnownFileType = archive.ar; name = libavcodec.a; path = "H264-VideoToolbox-Demo/lib/libavcodec.a"; sourceTree = "<group>"; };
		7A5BF7B720308151005EAC8B /* libavutil.a */ = {isa = PBXFileReference; lastKnownFileType = archive.ar; name = libavutil.a; path = "H264-VideoToolbox-Demo/lib/libavutil.a"; sourceTree = "<group>"; };
		7A5BF7B820308151005EAC8B /* libavformat.a */ = {isa = PBXFileReference; lastKnownFileType = archive.ar; name = libavformat.a; path = "H264-VideoToolbox-Demo/lib/libavformat.a"; sourceTree = "<group>"; };
		7A5BF7B920308151005EAC8B /* libswscale.a */ = {isa = PBXFileReference; lastKnownFileType = archive.ar; name = libswscale.a; path = "H264-VideoToolbox-Demo/lib/libswscale.a"; sourceTree = "<group>"; };
		7A5BF7BA20308151005EAC8B /* libswresample.a */ = {isa = PBXFileReference; lastKnownFileType = archive.ar; name = libswresample.a; path = "H264-VideoToolbox-Demo/lib/libswresample.a"; sourceTree = "<group>"; };
		7A5BF7BB20308151005EAC8B /* libavdevice.a */ = {isa = PBXFileReference; lastKnownFileType = archive.ar; name = libavdevice.a; path = "H264-VideoToolbox-Demo/lib/libavdevice.a"; sourceTree = "<group>"; };
		7A5BF7BC20308151005EAC8B /* libavfilter.a */ = {isa = PBXFileReference; lastKnownFileType = archive.ar; name = libavfilter.a; path = "H264-VideoToolbox-Demo/lib/libavfilter.a"; sourceTree = "<group>"; };
		7A5BF7C420308376005EAC8B /* CoreVideo.framework */ = {isa = PBXFileReference; lastKnownFileType = wrapper.framework; name = CoreVideo.framework; path = System/Library/Frameworks/CoreVideo.framework; sourceTree = SDKROOT; };
		7A5BF7C520308376005EAC8B /* VideoToolbox.framework */ = {isa = PBXFileReference; lastKnownFileType = wrapper.framework; name = VideoToolbox.framework; path = System/Library/Frameworks/VideoToolbox.framework; sourceTree = SDKROOT; };
		7A5BF7C820308382005EAC8B /* CoreMedia.framework */ = {isa = PBXFileReference; lastKnownFileType = wrapper.framework; name = CoreMedia.framework; path = System/Library/Frameworks/CoreMedia.framework; sourceTree = SDKROOT; };
		7A5BF7CA203083CB005EAC8B /* libbz2.1.0.tbd */ = {isa = PBXFileReference; lastKnownFileType = "sourcecode.text-based-dylib-definition"; name = libbz2.1.0.tbd; path = usr/lib/libbz2.1.0.tbd; sourceTree = SDKROOT; };
		7A5BF7CC20308413005EAC8B /* libiconv.2.4.0.tbd */ = {isa = PBXFileReference; lastKnownFileType = "sourcecode.text-based-dylib-definition"; name = libiconv.2.4.0.tbd; path = usr/lib/libiconv.2.4.0.tbd; sourceTree = SDKROOT; };
		7A5BF7CE20308438005EAC8B /* AudioToolbox.framework */ = {isa = PBXFileReference; lastKnownFileType = wrapper.framework; name = AudioToolbox.framework; path = System/Library/Frameworks/AudioToolbox.framework; sourceTree = SDKROOT; };
		7A5BF7D020308466005EAC8B /* libz.1.1.3.tbd */ = {isa = PBXFileReference; lastKnownFileType = "sourcecode.text-based-dylib-definition"; name = libz.1.1.3.tbd; path = usr/lib/libz.1.1.3.tbd; sourceTree = SDKROOT; };
		7A5BF7E920308968005EAC8B /* Video.bundle */ = {isa = PBXFileReference; lastKnownFileType = "wrapper.plug-in"; path = Video.bundle; sourceTree = "<group>"; };
		7AD1E5F620261A8100AA6B44 /* H264-VideoToolbox-Demo.app */ = {isa = PBXFileReference; explicitFileType = wrapper.application; includeInIndex = 0; path = "H264-VideoToolbox-Demo.app"; sourceTree = BUILT_PRODUCTS_DIR; };
		7AD1E5F920261A8200AA6B44 /* AppDelegate.h */ = {isa = PBXFileReference; lastKnownFileType = sourcecode.c.h; path = AppDelegate.h; sourceTree = "<group>"; };
		7AD1E5FA20261A8200AA6B44 /* AppDelegate.m */ = {isa = PBXFileReference; lastKnownFileType = sourcecode.c.objc; path = AppDelegate.m; sourceTree = "<group>"; };
		7AD1E5FC20261A8200AA6B44 /* ViewController.h */ = {isa = PBXFileReference; lastKnownFileType = sourcecode.c.h; path = ViewController.h; sourceTree = "<group>"; };
		7AD1E5FD20261A8200AA6B44 /* ViewController.m */ = {isa = PBXFileReference; lastKnownFileType = sourcecode.c.objc; path = ViewController.m; sourceTree = "<group>"; };
		7AD1E60020261A8200AA6B44 /* Base */ = {isa = PBXFileReference; lastKnownFileType = file.storyboard; name = Base; path = Base.lproj/Main.storyboard; sourceTree = "<group>"; };
		7AD1E60220261A8200AA6B44 /* Assets.xcassets */ = {isa = PBXFileReference; lastKnownFileType = folder.assetcatalog; path = Assets.xcassets; sourceTree = "<group>"; };
		7AD1E60520261A8200AA6B44 /* Base */ = {isa = PBXFileReference; lastKnownFileType = file.storyboard; name = Base; path = Base.lproj/LaunchScreen.storyboard; sourceTree = "<group>"; };
		7AD1E60720261A8200AA6B44 /* Info.plist */ = {isa = PBXFileReference; lastKnownFileType = text.plist.xml; path = Info.plist; sourceTree = "<group>"; };
		7AD1E60820261A8200AA6B44 /* main.m */ = {isa = PBXFileReference; lastKnownFileType = sourcecode.c.objc; path = main.m; sourceTree = "<group>"; };
/* End PBXFileReference section */

/* Begin PBXFrameworksBuildPhase section */
		7AD1E5F320261A8100AA6B44 /* Frameworks */ = {
			isa = PBXFrameworksBuildPhase;
			buildActionMask = 2147483647;
			files = (
				7A5BF7CB203083CB005EAC8B /* libbz2.1.0.tbd in Frameworks */,
				7A5BF7D120308466005EAC8B /* libz.1.1.3.tbd in Frameworks */,
				7A5BF7CF20308438005EAC8B /* AudioToolbox.framework in Frameworks */,
				7A5BF7CD20308413005EAC8B /* libiconv.2.4.0.tbd in Frameworks */,
				7A5BF7C920308382005EAC8B /* CoreMedia.framework in Frameworks */,
				7A5BF7C620308376005EAC8B /* CoreVideo.framework in Frameworks */,
				7A5BF7C720308376005EAC8B /* VideoToolbox.framework in Frameworks */,
				7A5BF7BD20308151005EAC8B /* libavcodec.a in Frameworks */,
				7A5BF7BE20308151005EAC8B /* libavutil.a in Frameworks */,
				7A5BF7BF20308151005EAC8B /* libavformat.a in Frameworks */,
				7A5BF7C020308151005EAC8B /* libswscale.a in Frameworks */,
				7A5BF7C120308151005EAC8B /* libswresample.a in Frameworks */,
				7A5BF7C220308151005EAC8B /* libavdevice.a in Frameworks */,
				7A5BF7C320308151005EAC8B /* libavfilter.a in Frameworks */,
			);
			runOnlyForDeploymentPostprocessing = 0;
		};
/* End PBXFrameworksBuildPhase section */

/* Begin PBXGroup section */
		7A5BF7B520308151005EAC8B /* Frameworks */ = {
			isa = PBXGroup;
			children = (
				7A5BF7D020308466005EAC8B /* libz.1.1.3.tbd */,
				7A5BF7CE20308438005EAC8B /* AudioToolbox.framework */,
				7A5BF7CC20308413005EAC8B /* libiconv.2.4.0.tbd */,
				7A5BF7CA203083CB005EAC8B /* libbz2.1.0.tbd */,
				7A5BF7C820308382005EAC8B /* CoreMedia.framework */,
				7A5BF7C420308376005EAC8B /* CoreVideo.framework */,
				7A5BF7C520308376005EAC8B /* VideoToolbox.framework */,
				7A5BF7B620308151005EAC8B /* libavcodec.a */,
				7A5BF7BB20308151005EAC8B /* libavdevice.a */,
				7A5BF7BC20308151005EAC8B /* libavfilter.a */,
				7A5BF7B820308151005EAC8B /* libavformat.a */,
				7A5BF7B720308151005EAC8B /* libavutil.a */,
				7A5BF7BA20308151005EAC8B /* libswresample.a */,
				7A5BF7B920308151005EAC8B /* libswscale.a */,
			);
			name = Frameworks;
			sourceTree = "<group>";
		};
		7AD1E5ED20261A8100AA6B44 = {
			isa = PBXGroup;
			children = (
				7A5BF7B12030812E005EAC8B /* include */,
				7A5BF7B22030812E005EAC8B /* lib */,
				7AD1E5F820261A8100AA6B44 /* H264-VideoToolbox-Demo */,
				7AD1E5F720261A8100AA6B44 /* Products */,
				7A5BF7B520308151005EAC8B /* Frameworks */,
			);
			sourceTree = "<group>";
		};
		7AD1E5F720261A8100AA6B44 /* Products */ = {
			isa = PBXGroup;
			children = (
				7AD1E5F620261A8100AA6B44 /* H264-VideoToolbox-Demo.app */,
			);
			name = Products;
			sourceTree = "<group>";
		};
		7AD1E5F820261A8100AA6B44 /* H264-VideoToolbox-Demo */ = {
			isa = PBXGroup;
			children = (
				7A5BF7E920308968005EAC8B /* Video.bundle */,
				7AD1E5F920261A8200AA6B44 /* AppDelegate.h */,
				7AD1E5FA20261A8200AA6B44 /* AppDelegate.m */,
				7AD1E5FC20261A8200AA6B44 /* ViewController.h */,
				7AD1E5FD20261A8200AA6B44 /* ViewController.m */,
				7AD1E5FF20261A8200AA6B44 /* Main.storyboard */,
				7AD1E60220261A8200AA6B44 /* Assets.xcassets */,
				7AD1E60420261A8200AA6B44 /* LaunchScreen.storyboard */,
				7AD1E60720261A8200AA6B44 /* Info.plist */,
				7AD1E60820261A8200AA6B44 /* main.m */,
			);
			path = "H264-VideoToolbox-Demo";
			sourceTree = "<group>";
		};
/* End PBXGroup section */

/* Begin PBXNativeTarget section */
		7AD1E5F520261A8100AA6B44 /* H264-VideoToolbox-Demo */ = {
			isa = PBXNativeTarget;
			buildConfigurationList = 7AD1E60C20261A8200AA6B44 /* Build configuration list for PBXNativeTarget "H264-VideoToolbox-Demo" */;
			buildPhases = (
				7AD1E5F220261A8100AA6B44 /* Sources */,
				7AD1E5F320261A8100AA6B44 /* Frameworks */,
				7AD1E5F420261A8100AA6B44 /* Resources */,
			);
			buildRules = (
			);
			dependencies = (
			);
			name = "H264-VideoToolbox-Demo";
			productName = "H264-VideoToolbox-Demo";
			productReference = 7AD1E5F620261A8100AA6B44 /* H264-VideoToolbox-Demo.app */;
			productType = "com.apple.product-type.application";
		};
/* End PBXNativeTarget section */

/* Begin PBXProject section */
		7AD1E5EE20261A8100AA6B44 /* Project object */ = {
			isa = PBXProject;
			attributes = {
				LastUpgradeCheck = 0920;
				ORGANIZATIONNAME = "殷汶杰";
				TargetAttributes = {
					7AD1E5F520261A8100AA6B44 = {
						CreatedOnToolsVersion = 9.2;
						ProvisioningStyle = Automatic;
					};
				};
			};
			buildConfigurationList = 7AD1E5F120261A8100AA6B44 /* Build configuration list for PBXProject "H264-VideoToolbox-Demo" */;
			compatibilityVersion = "Xcode 8.0";
			developmentRegion = en;
			hasScannedForEncodings = 0;
			knownRegions = (
				en,
				Base,
			);
			mainGroup = 7AD1E5ED20261A8100AA6B44;
			productRefGroup = 7AD1E5F720261A8100AA6B44 /* Products */;
			projectDirPath = "";
			projectRoot = "";
			targets = (
				7AD1E5F520261A8100AA6B44 /* H264-VideoToolbox-Demo */,
			);
		};
/* End PBXProject section */

/* Begin PBXResourcesBuildPhase section */
		7AD1E5F420261A8100AA6B44 /* Resources */ = {
			isa = PBXResourcesBuildPhase;
			buildActionMask = 2147483647;
			files = (
				7AD1E60620261A8200AA6B44 /* LaunchScreen.storyboard in Resources */,
				7A5BF7B42030812E005EAC8B /* lib in Resources */,
				7AD1E60320261A8200AA6B44 /* Assets.xcassets in Resources */,
				7AD1E60120261A8200AA6B44 /* Main.storyboard in Resources */,
				7A5BF7B32030812E005EAC8B /* include in Resources */,
				7A5BF7EA20308968005EAC8B /* Video.bundle in Resources */,
			);
			runOnlyForDeploymentPostprocessing = 0;
		};
/* End PBXResourcesBuildPhase section */

/* Begin PBXSourcesBuildPhase section */
		7AD1E5F220261A8100AA6B44 /* Sources */ = {
			isa = PBXSourcesBuildPhase;
			buildActionMask = 2147483647;
			files = (
				7AD1E5FE20261A8200AA6B44 /* ViewController.m in Sources */,
				7AD1E60920261A8200AA6B44 /* main.m in Sources */,
				7AD1E5FB20261A8200AA6B44 /* AppDelegate.m in Sources */,
			);
			runOnlyForDeploymentPostprocessing = 0;
		};
/* End PBXSourcesBuildPhase section */

/* Begin PBXVariantGroup section */
		7AD1E5FF20261A8200AA6B44 /* Main.storyboard */ = {
			isa = PBXVariantGroup;
			children = (
				7AD1E60020261A8200AA6B44 /* Base */,
			);
			name = Main.storyboard;
			sourceTree = "<group>";
		};
		7AD1E60420261A8200AA6B44 /* LaunchScreen.storyboard */ = {
			isa = PBXVariantGroup;
			children = (
				7AD1E60520261A8200AA6B44 /* Base */,
			);
			name = LaunchScreen.storyboard;
			sourceTree = "<group>";
		};
/* End PBXVariantGroup section */

/* Begin XCBuildConfiguration section */
		7AD1E60A20261A8200AA6B44 /* Debug */ = {
			isa = XCBuildConfiguration;
			buildSettings = {
				ALWAYS_SEARCH_USER_PATHS = NO;
				CLANG_ANALYZER_NONNULL = YES;
				CLANG_ANALYZER_NUMBER_OBJECT_CONVERSION = YES_AGGRESSIVE;
				CLANG_CXX_LANGUAGE_STANDARD = "gnu++14";
				CLANG_CXX_LIBRARY = "libc++";
				CLANG_ENABLE_MODULES = YES;
				CLANG_ENABLE_OBJC_ARC = YES;
				CLANG_WARN_BLOCK_CAPTURE_AUTORELEASING = YES;
				CLANG_WARN_BOOL_CONVERSION = YES;
				CLANG_WARN_COMMA = YES;
				CLANG_WARN_CONSTANT_CONVERSION = YES;
				CLANG_WARN_DIRECT_OBJC_ISA_USAGE = YES_ERROR;
				CLANG_WARN_DOCUMENTATION_COMMENTS = YES;
				CLANG_WARN_EMPTY_BODY = YES;
				CLANG_WARN_ENUM_CONVERSION = YES;
				CLANG_WARN_INFINITE_RECURSION = YES;
				CLANG_WARN_INT_CONVERSION = YES;
				CLANG_WARN_NON_LITERAL_NULL_CONVERSION = YES;
				CLANG_WARN_OBJC_LITERAL_CONVERSION = YES;
				CLANG_WARN_OBJC_ROOT_CLASS = YES_ERROR;
				CLANG_WARN_RANGE_LOOP_ANALYSIS = YES;
				CLANG_WARN_STRICT_PROTOTYPES = YES;
				CLANG_WARN_SUSPICIOUS_MOVE = YES;
				CLANG_WARN_UNGUARDED_AVAILABILITY = YES_AGGRESSIVE;
				CLANG_WARN_UNREACHABLE_CODE = YES;
				CLANG_WARN__DUPLICATE_METHOD_MATCH = YES;
				CODE_SIGN_IDENTITY = "iPhone Developer";
				COPY_PHASE_STRIP = NO;
				DEBUG_INFORMATION_FORMAT = dwarf;
				ENABLE_STRICT_OBJC_MSGSEND = YES;
				ENABLE_TESTABILITY = YES;
				GCC_C_LANGUAGE_STANDARD = gnu11;
				GCC_DYNAMIC_NO_PIC = NO;
				GCC_NO_COMMON_BLOCKS = YES;
				GCC_OPTIMIZATION_LEVEL = 0;
				GCC_PREPROCESSOR_DEFINITIONS = (
					"DEBUG=1",
					"$(inherited)",
				);
				GCC_WARN_64_TO_32_BIT_CONVERSION = YES;
				GCC_WARN_ABOUT_RETURN_TYPE = YES_ERROR;
				GCC_WARN_UNDECLARED_SELECTOR = YES;
				GCC_WARN_UNINITIALIZED_AUTOS = YES_AGGRESSIVE;
				GCC_WARN_UNUSED_FUNCTION = YES;
				GCC_WARN_UNUSED_VARIABLE = YES;
				IPHONEOS_DEPLOYMENT_TARGET = 11.2;
				MTL_ENABLE_DEBUG_INFO = YES;
				ONLY_ACTIVE_ARCH = YES;
				SDKROOT = iphoneos;
			};
			name = Debug;
		};
		7AD1E60B20261A8200AA6B44 /* Release */ = {
			isa = XCBuildConfiguration;
			buildSettings = {
				ALWAYS_SEARCH_USER_PATHS = NO;
				CLANG_ANALYZER_NONNULL = YES;
				CLANG_ANALYZER_NUMBER_OBJECT_CONVERSION = YES_AGGRESSIVE;
				CLANG_CXX_LANGUAGE_STANDARD = "gnu++14";
				CLANG_CXX_LIBRARY = "libc++";
				CLANG_ENABLE_MODULES = YES;
				CLANG_ENABLE_OBJC_ARC = YES;
				CLANG_WARN_BLOCK_CAPTURE_AUTORELEASING = YES;
				CLANG_WARN_BOOL_CONVERSION = YES;
				CLANG_WARN_COMMA = YES;
				CLANG_WARN_CONSTANT_CONVERSION = YES;
				CLANG_WARN_DIRECT_OBJC_ISA_USAGE = YES_ERROR;
				CLANG_WARN_DOCUMENTATION_COMMENTS = YES;
				CLANG_WARN_EMPTY_BODY = YES;
				CLANG_WARN_ENUM_CONVERSION = YES;
				CLANG_WARN_INFINITE_RECURSION = YES;
				CLANG_WARN_INT_CONVERSION = YES;
				CLANG_WARN_NON_LITERAL_NULL_CONVERSION = YES;
				CLANG_WARN_OBJC_LITERAL_CONVERSION = YES;
				CLANG_WARN_OBJC_ROOT_CLASS = YES_ERROR;
				CLANG_WARN_RANGE_LOOP_ANALYSIS = YES;
				CLANG_WARN_STRICT_PROTOTYPES = YES;
				CLANG_WARN_SUSPICIOUS_MOVE = YES;
				CLANG_WARN_UNGUARDED_AVAILABILITY = YES_AGGRESSIVE;
				CLANG_WARN_UNREACHABLE_CODE = YES;
				CLANG_WARN__DUPLICATE_METHOD_MATCH = YES;
				CODE_SIGN_IDENTITY = "iPhone Developer";
				COPY_PHASE_STRIP = NO;
				DEBUG_INFORMATION_FORMAT = "dwarf-with-dsym";
				ENABLE_NS_ASSERTIONS = NO;
				ENABLE_STRICT_OBJC_MSGSEND = YES;
				GCC_C_LANGUAGE_STANDARD = gnu11;
				GCC_NO_COMMON_BLOCKS = YES;
				GCC_WARN_64_TO_32_BIT_CONVERSION = YES;
				GCC_WARN_ABOUT_RETURN_TYPE = YES_ERROR;
				GCC_WARN_UNDECLARED_SELECTOR = YES;
				GCC_WARN_UNINITIALIZED_AUTOS = YES_AGGRESSIVE;
				GCC_WARN_UNUSED_FUNCTION = YES;
				GCC_WARN_UNUSED_VARIABLE = YES;
				IPHONEOS_DEPLOYMENT_TARGET = 11.2;
				MTL_ENABLE_DEBUG_INFO = NO;
				SDKROOT = iphoneos;
				VALIDATE_PRODUCT = YES;
			};
			name = Release;
		};
		7AD1E60D20261A8200AA6B44 /* Debug */ = {
			isa = XCBuildConfiguration;
			buildSettings = {
				ASSETCATALOG_COMPILER_APPICON_NAME = AppIcon;
				CODE_SIGN_STYLE = Automatic;
				DEVELOPMENT_TEAM = CGZ92Y4W2Y;
				INFOPLIST_FILE = "H264-VideoToolbox-Demo/Info.plist";
				LD_RUNPATH_SEARCH_PATHS = "$(inherited) @executable_path/Frameworks";
				LIBRARY_SEARCH_PATHS = (
					"$(inherited)",
					"$(PROJECT_DIR)/H264-VideoToolbox-Demo/lib",
				);
				PRODUCT_BUNDLE_IDENTIFIER = "LeanVision-Studio.H264-VideoToolbox-Demo";
				PRODUCT_NAME = "$(TARGET_NAME)";
				TARGETED_DEVICE_FAMILY = "1,2";
				USER_HEADER_SEARCH_PATHS = "$(PROJECT_DIR)/H264-VideoToolbox-Demo/include";
			};
			name = Debug;
		};
		7AD1E60E20261A8200AA6B44 /* Release */ = {
			isa = XCBuildConfiguration;
			buildSettings = {
				ASSETCATALOG_COMPILER_APPICON_NAME = AppIcon;
				CODE_SIGN_STYLE = Automatic;
				DEVELOPMENT_TEAM = CGZ92Y4W2Y;
				INFOPLIST_FILE = "H264-VideoToolbox-Demo/Info.plist";
				LD_RUNPATH_SEARCH_PATHS = "$(inherited) @executable_path/Frameworks";
				LIBRARY_SEARCH_PATHS = (
					"$(inherited)",
					"$(PROJECT_DIR)/H264-VideoToolbox-Demo/lib",
				);
				PRODUCT_BUNDLE_IDENTIFIER = "LeanVision-Studio.H264-VideoToolbox-Demo";
				PRODUCT_NAME = "$(TARGET_NAME)";
				TARGETED_DEVICE_FAMILY = "1,2";
				USER_HEADER_SEARCH_PATHS = "$(PROJECT_DIR)/H264-VideoToolbox-Demo/include";
			};
			name = Release;
		};
/* End XCBuildConfiguration section */

/* Begin XCConfigurationList section */
		7AD1E5F120261A8100AA6B44 /* Build configuration list for PBXProject "H264-VideoToolbox-Demo" */ = {
			isa = XCConfigurationList;
			buildConfigurations = (
				7AD1E60A20261A8200AA6B44 /* Debug */,
				7AD1E60B20261A8200AA6B44 /* Release */,
			);
			defaultConfigurationIsVisible = 0;
			defaultConfigurationName = Release;
		};
		7AD1E60C20261A8200AA6B44 /* Build configuration list for PBXNativeTarget "H264-VideoToolbox-Demo" */ = {
			isa = XCConfigurationList;
			buildConfigurations = (
				7AD1E60D20261A8200AA6B44 /* Debug */,
				7AD1E60E20261A8200AA6B44 /* Release */,
			);
			defaultConfigurationIsVisible = 0;
			defaultConfigurationName = Release;
		};
/* End XCConfigurationList section */
	};
	rootObject = 7AD1E5EE20261A8100AA6B44 /* Project object */;
}
